
Microsoft Visual Studio Solution File, Format Version 12.00
# Visual Studio Version 17
VisualStudioVersion = 17.3.32922.545
MinimumVisualStudioVersion = 10.0.40219.1
Project("{FAE04EC0-301F-11D3-BF4B-00C04F79EFBC}") = "Homework_Presentation_tasks", "Homework_Presentation_tasks\Homework_Presentation_tasks.csproj", "{DDEFCC16-61FC-4618-B702-6680FFFC2C6F}"
EndProject
Global
	GlobalSection(SolutionConfigurationPlatforms) = preSolution
		Debug|Any CPU = Debug|Any CPU
		Release|Any CPU = Release|Any CPU
	EndGlobalSection
	GlobalSection(ProjectConfigurationPlatforms) = postSolution
		{DDEFCC16-61FC-4618-B702-6680FFFC2C6F}.Debug|Any CPU.ActiveCfg = Debug|Any CPU
		{DDEFCC16-61FC-4618-B702-6680FFFC2C6F}.Debug|Any CPU.Build.0 = Debug|Any CPU
		{DDEFCC16-61FC-4618-B702-6680FFFC2C6F}.Release|Any CPU.ActiveCfg = Release|Any CPU
		{DDEFCC16-61FC-4618-B702-6680FFFC2C6F}.Release|Any CPU.Build.0 = Release|Any CPU
	EndGlobalSection
	GlobalSection(SolutionProperties) = preSolution
		HideSolutionNode = FALSE
	EndGlobalSection
	GlobalSection(ExtensibilityGlobals) = postSolution
		SolutionGuid = {C95BE32B-B7CF-4A04-8E5A-EB10A6939921}
	EndGlobalSection
EndGlobal
